// !$*UTF8*$!
{
	archiveVersion = 1;
	classes = {
	};
	objectVersion = 50;
	objects = {

/* Begin PBXBuildFile section */
		3579DF8125A4CB830006D6E7 /* CacheManager.swift in Sources */ = {isa = PBXBuildFile; fileRef = 3579DF8025A4CB830006D6E7 /* CacheManager.swift */; };
		35F48EDE2580F01F001472ED /* Detail.swift in Sources */ = {isa = PBXBuildFile; fileRef = 35F48EDD2580F01F001472ED /* Detail.swift */; };
		35FF5959257D73290054A396 /* AppDelegate.swift in Sources */ = {isa = PBXBuildFile; fileRef = 35FF5958257D73290054A396 /* AppDelegate.swift */; };
		35FF595B257D73290054A396 /* SceneDelegate.swift in Sources */ = {isa = PBXBuildFile; fileRef = 35FF595A257D73290054A396 /* SceneDelegate.swift */; };
		35FF5960257D73290054A396 /* Main.storyboard in Resources */ = {isa = PBXBuildFile; fileRef = 35FF595E257D73290054A396 /* Main.storyboard */; };
		35FF5962257D732B0054A396 /* Assets.xcassets in Resources */ = {isa = PBXBuildFile; fileRef = 35FF5961257D732B0054A396 /* Assets.xcassets */; };
		35FF5965257D732B0054A396 /* LaunchScreen.storyboard in Resources */ = {isa = PBXBuildFile; fileRef = 35FF5963257D732B0054A396 /* LaunchScreen.storyboard */; };
		35FF596F257D747D0054A396 /* NetworkingService.swift in Sources */ = {isa = PBXBuildFile; fileRef = 35FF596E257D747D0054A396 /* NetworkingService.swift */; };
		35FF5976257D75130054A396 /* ServerResponse.swift in Sources */ = {isa = PBXBuildFile; fileRef = 35FF5975257D75130054A396 /* ServerResponse.swift */; };
		35FF5979257D75330054A396 /* SessionError.swift in Sources */ = {isa = PBXBuildFile; fileRef = 35FF5978257D75330054A396 /* SessionError.swift */; };
		35FF597C257D75500054A396 /* ImageInfo.swift in Sources */ = {isa = PBXBuildFile; fileRef = 35FF597B257D75500054A396 /* ImageInfo.swift */; };
		35FF5980257D757F0054A396 /* ImageCell.swift in Sources */ = {isa = PBXBuildFile; fileRef = 35FF597F257D757F0054A396 /* ImageCell.swift */; };
		35FF5985257D75BE0054A396 /* ImageViewController.swift in Sources */ = {isa = PBXBuildFile; fileRef = 35FF5984257D75BE0054A396 /* ImageViewController.swift */; };
		35FF5991257D7DCB0054A396 /* DetailViewController.swift in Sources */ = {isa = PBXBuildFile; fileRef = 35FF5990257D7DCB0054A396 /* DetailViewController.swift */; };
/* End PBXBuildFile section */

/* Begin PBXFileReference section */
		3579DF8025A4CB830006D6E7 /* CacheManager.swift */ = {isa = PBXFileReference; lastKnownFileType = sourcecode.swift; path = CacheManager.swift; sourceTree = "<group>"; };
		35F48EDD2580F01F001472ED /* Detail.swift */ = {isa = PBXFileReference; lastKnownFileType = sourcecode.swift; path = Detail.swift; sourceTree = "<group>"; };
		35FF5955257D73290054A396 /* BigHM.app */ = {isa = PBXFileReference; explicitFileType = wrapper.application; includeInIndex = 0; path = BigHM.app; sourceTree = BUILT_PRODUCTS_DIR; };
		35FF5958257D73290054A396 /* AppDelegate.swift */ = {isa = PBXFileReference; lastKnownFileType = sourcecode.swift; path = AppDelegate.swift; sourceTree = "<group>"; };
		35FF595A257D73290054A396 /* SceneDelegate.swift */ = {isa = PBXFileReference; lastKnownFileType = sourcecode.swift; path = SceneDelegate.swift; sourceTree = "<group>"; };
		35FF595F257D73290054A396 /* Base */ = {isa = PBXFileReference; lastKnownFileType = file.storyboard; name = Base; path = Base.lproj/Main.storyboard; sourceTree = "<group>"; };
		35FF5961257D732B0054A396 /* Assets.xcassets */ = {isa = PBXFileReference; lastKnownFileType = folder.assetcatalog; path = Assets.xcassets; sourceTree = "<group>"; };
		35FF5964257D732B0054A396 /* Base */ = {isa = PBXFileReference; lastKnownFileType = file.storyboard; name = Base; path = Base.lproj/LaunchScreen.storyboard; sourceTree = "<group>"; };
		35FF5966257D732B0054A396 /* Info.plist */ = {isa = PBXFileReference; lastKnownFileType = text.plist.xml; path = Info.plist; sourceTree = "<group>"; };
		35FF596E257D747D0054A396 /* NetworkingService.swift */ = {isa = PBXFileReference; lastKnownFileType = sourcecode.swift; path = NetworkingService.swift; sourceTree = "<group>"; };
		35FF5975257D75130054A396 /* ServerResponse.swift */ = {isa = PBXFileReference; lastKnownFileType = sourcecode.swift; path = ServerResponse.swift; sourceTree = "<group>"; };
		35FF5978257D75330054A396 /* SessionError.swift */ = {isa = PBXFileReference; lastKnownFileType = sourcecode.swift; path = SessionError.swift; sourceTree = "<group>"; };
		35FF597B257D75500054A396 /* ImageInfo.swift */ = {isa = PBXFileReference; lastKnownFileType = sourcecode.swift; path = ImageInfo.swift; sourceTree = "<group>"; };
		35FF597F257D757F0054A396 /* ImageCell.swift */ = {isa = PBXFileReference; lastKnownFileType = sourcecode.swift; path = ImageCell.swift; sourceTree = "<group>"; };
		35FF5984257D75BE0054A396 /* ImageViewController.swift */ = {isa = PBXFileReference; lastKnownFileType = sourcecode.swift; path = ImageViewController.swift; sourceTree = "<group>"; };
		35FF5990257D7DCB0054A396 /* DetailViewController.swift */ = {isa = PBXFileReference; lastKnownFileType = sourcecode.swift; path = DetailViewController.swift; sourceTree = "<group>"; };
/* End PBXFileReference section */

/* Begin PBXFrameworksBuildPhase section */
		35FF5952257D73290054A396 /* Frameworks */ = {
			isa = PBXFrameworksBuildPhase;
			buildActionMask = 2147483647;
			files = (
			);
			runOnlyForDeploymentPostprocessing = 0;
		};
/* End PBXFrameworksBuildPhase section */

/* Begin PBXGroup section */
		35FF594C257D73290054A396 = {
			isa = PBXGroup;
			children = (
				35FF5957257D73290054A396 /* BigHM */,
				35FF5956257D73290054A396 /* Products */,
			);
			sourceTree = "<group>";
		};
		35FF5956257D73290054A396 /* Products */ = {
			isa = PBXGroup;
			children = (
				35FF5955257D73290054A396 /* BigHM.app */,
			);
			name = Products;
			sourceTree = "<group>";
		};
		35FF5957257D73290054A396 /* BigHM */ = {
			isa = PBXGroup;
			children = (
				35FF5983257D75A00054A396 /* Controllers */,
				35FF597E257D75680054A396 /* View */,
				35FF5974257D74F40054A396 /* Model */,
				35FF5972257D74CE0054A396 /* AppDelegates */,
				35FF5971257D74B80054A396 /* Storyboards */,
				35FF596D257D745B0054A396 /* Services */,
				35FF5961257D732B0054A396 /* Assets.xcassets */,
				35FF5966257D732B0054A396 /* Info.plist */,
			);
			path = BigHM;
			sourceTree = "<group>";
		};
		35FF596D257D745B0054A396 /* Services */ = {
			isa = PBXGroup;
			children = (
				35FF596E257D747D0054A396 /* NetworkingService.swift */,
				3579DF8025A4CB830006D6E7 /* CacheManager.swift */,
			);
			path = Services;
			sourceTree = "<group>";
		};
		35FF5971257D74B80054A396 /* Storyboards */ = {
			isa = PBXGroup;
			children = (
				35FF595E257D73290054A396 /* Main.storyboard */,
				35FF5963257D732B0054A396 /* LaunchScreen.storyboard */,
			);
			path = Storyboards;
			sourceTree = "<group>";
		};
		35FF5972257D74CE0054A396 /* AppDelegates */ = {
			isa = PBXGroup;
			children = (
				35FF595A257D73290054A396 /* SceneDelegate.swift */,
				35FF5958257D73290054A396 /* AppDelegate.swift */,
			);
			path = AppDelegates;
			sourceTree = "<group>";
		};
		35FF5974257D74F40054A396 /* Model */ = {
			isa = PBXGroup;
			children = (
				35FF5975257D75130054A396 /* ServerResponse.swift */,
				35FF5978257D75330054A396 /* SessionError.swift */,
				35FF597B257D75500054A396 /* ImageInfo.swift */,
				35F48EDD2580F01F001472ED /* Detail.swift */,
			);
			path = Model;
			sourceTree = "<group>";
		};
		35FF597E257D75680054A396 /* View */ = {
			isa = PBXGroup;
			children = (
				35FF597F257D757F0054A396 /* ImageCell.swift */,
			);
			path = View;
			sourceTree = "<group>";
		};
		35FF5983257D75A00054A396 /* Controllers */ = {
			isa = PBXGroup;
			children = (
				35FF5984257D75BE0054A396 /* ImageViewController.swift */,
				35FF5990257D7DCB0054A396 /* DetailViewController.swift */,
			);
			path = Controllers;
			sourceTree = "<group>";
		};
/* End PBXGroup section */

/* Begin PBXNativeTarget section */
		35FF5954257D73290054A396 /* BigHM */ = {
			isa = PBXNativeTarget;
			buildConfigurationList = 35FF5969257D732B0054A396 /* Build configuration list for PBXNativeTarget "BigHM" */;
			buildPhases = (
				35FF5951257D73290054A396 /* Sources */,
				35FF5952257D73290054A396 /* Frameworks */,
				35FF5953257D73290054A396 /* Resources */,
			);
			buildRules = (
			);
			dependencies = (
			);
			name = BigHM;
			productName = BigHM;
			productReference = 35FF5955257D73290054A396 /* BigHM.app */;
			productType = "com.apple.product-type.application";
		};
/* End PBXNativeTarget section */

/* Begin PBXProject section */
		35FF594D257D73290054A396 /* Project object */ = {
			isa = PBXProject;
			attributes = {
				LastSwiftUpdateCheck = 1220;
				LastUpgradeCheck = 1220;
				TargetAttributes = {
					35FF5954257D73290054A396 = {
						CreatedOnToolsVersion = 12.2;
					};
				};
			};
			buildConfigurationList = 35FF5950257D73290054A396 /* Build configuration list for PBXProject "BigHM" */;
			compatibilityVersion = "Xcode 9.3";
			developmentRegion = en;
			hasScannedForEncodings = 0;
			knownRegions = (
				en,
				Base,
			);
			mainGroup = 35FF594C257D73290054A396;
			productRefGroup = 35FF5956257D73290054A396 /* Products */;
			projectDirPath = "";
			projectRoot = "";
			targets = (
				35FF5954257D73290054A396 /* BigHM */,
			);
		};
/* End PBXProject section */

/* Begin PBXResourcesBuildPhase section */
		35FF5953257D73290054A396 /* Resources */ = {
			isa = PBXResourcesBuildPhase;
			buildActionMask = 2147483647;
			files = (
				35FF5965257D732B0054A396 /* LaunchScreen.storyboard in Resources */,
				35FF5962257D732B0054A396 /* Assets.xcassets in Resources */,
				35FF5960257D73290054A396 /* Main.storyboard in Resources */,
			);
			runOnlyForDeploymentPostprocessing = 0;
		};
/* End PBXResourcesBuildPhase section */

/* Begin PBXSourcesBuildPhase section */
		35FF5951257D73290054A396 /* Sources */ = {
			isa = PBXSourcesBuildPhase;
			buildActionMask = 2147483647;
			files = (
				35FF5991257D7DCB0054A396 /* DetailViewController.swift in Sources */,
				35FF5979257D75330054A396 /* SessionError.swift in Sources */,
				35FF5959257D73290054A396 /* AppDelegate.swift in Sources */,
				35FF5976257D75130054A396 /* ServerResponse.swift in Sources */,
				35FF597C257D75500054A396 /* ImageInfo.swift in Sources */,
				35FF595B257D73290054A396 /* SceneDelegate.swift in Sources */,
				3579DF8125A4CB830006D6E7 /* CacheManager.swift in Sources */,
				35F48EDE2580F01F001472ED /* Detail.swift in Sources */,
				35FF5980257D757F0054A396 /* ImageCell.swift in Sources */,
				35FF5985257D75BE0054A396 /* ImageViewController.swift in Sources */,
				35FF596F257D747D0054A396 /* NetworkingService.swift in Sources */,
			);
			runOnlyForDeploymentPostprocessing = 0;
		};
/* End PBXSourcesBuildPhase section */

/* Begin PBXVariantGroup section */
		35FF595E257D73290054A396 /* Main.storyboard */ = {
			isa = PBXVariantGroup;
			children = (
				35FF595F257D73290054A396 /* Base */,
			);
			name = Main.storyboard;
			sourceTree = "<group>";
		};
		35FF5963257D732B0054A396 /* LaunchScreen.storyboard */ = {
			isa = PBXVariantGroup;
			children = (
				35FF5964257D732B0054A396 /* Base */,
			);
			name = LaunchScreen.storyboard;
			sourceTree = "<group>";
		};
/* End PBXVariantGroup section */

/* Begin XCBuildConfiguration section */
		35FF5967257D732B0054A396 /* Debug */ = {
			isa = XCBuildConfiguration;
			buildSettings = {
				ALWAYS_SEARCH_USER_PATHS = NO;
				CLANG_ANALYZER_NONNULL = YES;
				CLANG_ANALYZER_NUMBER_OBJECT_CONVERSION = YES_AGGRESSIVE;
				CLANG_CXX_LANGUAGE_STANDARD = "gnu++14";
				CLANG_CXX_LIBRARY = "libc++";
				CLANG_ENABLE_MODULES = YES;
				CLANG_ENABLE_OBJC_ARC = YES;
				CLANG_ENABLE_OBJC_WEAK = YES;
				CLANG_WARN_BLOCK_CAPTURE_AUTORELEASING = YES;
				CLANG_WARN_BOOL_CONVERSION = YES;
				CLANG_WARN_COMMA = YES;
				CLANG_WARN_CONSTANT_CONVERSION = YES;
				CLANG_WARN_DEPRECATED_OBJC_IMPLEMENTATIONS = YES;
				CLANG_WARN_DIRECT_OBJC_ISA_USAGE = YES_ERROR;
				CLANG_WARN_DOCUMENTATION_COMMENTS = YES;
				CLANG_WARN_EMPTY_BODY = YES;
				CLANG_WARN_ENUM_CONVERSION = YES;
				CLANG_WARN_INFINITE_RECURSION = YES;
				CLANG_WARN_INT_CONVERSION = YES;
				CLANG_WARN_NON_LITERAL_NULL_CONVERSION = YES;
				CLANG_WARN_OBJC_IMPLICIT_RETAIN_SELF = YES;
				CLANG_WARN_OBJC_LITERAL_CONVERSION = YES;
				CLANG_WARN_OBJC_ROOT_CLASS = YES_ERROR;
				CLANG_WARN_QUOTED_INCLUDE_IN_FRAMEWORK_HEADER = YES;
				CLANG_WARN_RANGE_LOOP_ANALYSIS = YES;
				CLANG_WARN_STRICT_PROTOTYPES = YES;
				CLANG_WARN_SUSPICIOUS_MOVE = YES;
				CLANG_WARN_UNGUARDED_AVAILABILITY = YES_AGGRESSIVE;
				CLANG_WARN_UNREACHABLE_CODE = YES;
				CLANG_WARN__DUPLICATE_METHOD_MATCH = YES;
				COPY_PHASE_STRIP = NO;
				DEBUG_INFORMATION_FORMAT = dwarf;
				ENABLE_STRICT_OBJC_MSGSEND = YES;
				ENABLE_TESTABILITY = YES;
				GCC_C_LANGUAGE_STANDARD = gnu11;
				GCC_DYNAMIC_NO_PIC = NO;
				GCC_NO_COMMON_BLOCKS = YES;
				GCC_OPTIMIZATION_LEVEL = 0;
				GCC_PREPROCESSOR_DEFINITIONS = (
					"DEBUG=1",
					"$(inherited)",
				);
				GCC_WARN_64_TO_32_BIT_CONVERSION = YES;
				GCC_WARN_ABOUT_RETURN_TYPE = YES_ERROR;
				GCC_WARN_UNDECLARED_SELECTOR = YES;
				GCC_WARN_UNINITIALIZED_AUTOS = YES_AGGRESSIVE;
				GCC_WARN_UNUSED_FUNCTION = YES;
				GCC_WARN_UNUSED_VARIABLE = YES;
				IPHONEOS_DEPLOYMENT_TARGET = 14.2;
				MTL_ENABLE_DEBUG_INFO = INCLUDE_SOURCE;
				MTL_FAST_MATH = YES;
				ONLY_ACTIVE_ARCH = YES;
				SDKROOT = iphoneos;
				SWIFT_ACTIVE_COMPILATION_CONDITIONS = DEBUG;
				SWIFT_OPTIMIZATION_LEVEL = "-Onone";
			};
			name = Debug;
		};
		35FF5968257D732B0054A396 /* Release */ = {
			isa = XCBuildConfiguration;
			buildSettings = {
				ALWAYS_SEARCH_USER_PATHS = NO;
				CLANG_ANALYZER_NONNULL = YES;
				CLANG_ANALYZER_NUMBER_OBJECT_CONVERSION = YES_AGGRESSIVE;
				CLANG_CXX_LANGUAGE_STANDARD = "gnu++14";
				CLANG_CXX_LIBRARY = "libc++";
				CLANG_ENABLE_MODULES = YES;
				CLANG_ENABLE_OBJC_ARC = YES;
				CLANG_ENABLE_OBJC_WEAK = YES;
				CLANG_WARN_BLOCK_CAPTURE_AUTORELEASING = YES;
				CLANG_WARN_BOOL_CONVERSION = YES;
				CLANG_WARN_COMMA = YES;
				CLANG_WARN_CONSTANT_CONVERSION = YES;
				CLANG_WARN_DEPRECATED_OBJC_IMPLEMENTATIONS = YES;
				CLANG_WARN_DIRECT_OBJC_ISA_USAGE = YES_ERROR;
				CLANG_WARN_DOCUMENTATION_COMMENTS = YES;
				CLANG_WARN_EMPTY_BODY = YES;
				CLANG_WARN_ENUM_CONVERSION = YES;
				CLANG_WARN_INFINITE_RECURSION = YES;
				CLANG_WARN_INT_CONVERSION = YES;
				CLANG_WARN_NON_LITERAL_NULL_CONVERSION = YES;
				CLANG_WARN_OBJC_IMPLICIT_RETAIN_SELF = YES;
				CLANG_WARN_OBJC_LITERAL_CONVERSION = YES;
				CLANG_WARN_OBJC_ROOT_CLASS = YES_ERROR;
				CLANG_WARN_QUOTED_INCLUDE_IN_FRAMEWORK_HEADER = YES;
				CLANG_WARN_RANGE_LOOP_ANALYSIS = YES;
				CLANG_WARN_STRICT_PROTOTYPES = YES;
				CLANG_WARN_SUSPICIOUS_MOVE = YES;
				CLANG_WARN_UNGUARDED_AVAILABILITY = YES_AGGRESSIVE;
				CLANG_WARN_UNREACHABLE_CODE = YES;
				CLANG_WARN__DUPLICATE_METHOD_MATCH = YES;
				COPY_PHASE_STRIP = NO;
				DEBUG_INFORMATION_FORMAT = "dwarf-with-dsym";
				ENABLE_NS_ASSERTIONS = NO;
				ENABLE_STRICT_OBJC_MSGSEND = YES;
				GCC_C_LANGUAGE_STANDARD = gnu11;
				GCC_NO_COMMON_BLOCKS = YES;
				GCC_WARN_64_TO_32_BIT_CONVERSION = YES;
				GCC_WARN_ABOUT_RETURN_TYPE = YES_ERROR;
				GCC_WARN_UNDECLARED_SELECTOR = YES;
				GCC_WARN_UNINITIALIZED_AUTOS = YES_AGGRESSIVE;
				GCC_WARN_UNUSED_FUNCTION = YES;
				GCC_WARN_UNUSED_VARIABLE = YES;
				IPHONEOS_DEPLOYMENT_TARGET = 14.2;
				MTL_ENABLE_DEBUG_INFO = NO;
				MTL_FAST_MATH = YES;
				SDKROOT = iphoneos;
				SWIFT_COMPILATION_MODE = wholemodule;
				SWIFT_OPTIMIZATION_LEVEL = "-O";
				VALIDATE_PRODUCT = YES;
			};
			name = Release;
		};
		35FF596A257D732B0054A396 /* Debug */ = {
			isa = XCBuildConfiguration;
			buildSettings = {
				ASSETCATALOG_COMPILER_APPICON_NAME = AppIcon;
				ASSETCATALOG_COMPILER_GLOBAL_ACCENT_COLOR_NAME = AccentColor;
				CODE_SIGN_STYLE = Automatic;
				DEVELOPMENT_TEAM = A3HU29VV25;
				INFOPLIST_FILE = BigHM/Info.plist;
				LD_RUNPATH_SEARCH_PATHS = (
					"$(inherited)",
					"@executable_path/Frameworks",
				);
				PRODUCT_BUNDLE_IDENTIFIER = secondProject.BigHM;
				PRODUCT_NAME = "$(TARGET_NAME)";
				SWIFT_VERSION = 5.0;
				TARGETED_DEVICE_FAMILY = "1,2";
			};
			name = Debug;
		};
		35FF596B257D732B0054A396 /* Release */ = {
			isa = XCBuildConfiguration;
			buildSettings = {
				ASSETCATALOG_COMPILER_APPICON_NAME = AppIcon;
				ASSETCATALOG_COMPILER_GLOBAL_ACCENT_COLOR_NAME = AccentColor;
				CODE_SIGN_STYLE = Automatic;
				DEVELOPMENT_TEAM = A3HU29VV25;
				INFOPLIST_FILE = BigHM/Info.plist;
				LD_RUNPATH_SEARCH_PATHS = (
					"$(inherited)",
					"@executable_path/Frameworks",
				);
				PRODUCT_BUNDLE_IDENTIFIER = secondProject.BigHM;
				PRODUCT_NAME = "$(TARGET_NAME)";
				SWIFT_VERSION = 5.0;
				TARGETED_DEVICE_FAMILY = "1,2";
			};
			name = Release;
		};
/* End XCBuildConfiguration section */

/* Begin XCConfigurationList section */
		35FF5950257D73290054A396 /* Build configuration list for PBXProject "BigHM" */ = {
			isa = XCConfigurationList;
			buildConfigurations = (
				35FF5967257D732B0054A396 /* Debug */,
				35FF5968257D732B0054A396 /* Release */,
			);
			defaultConfigurationIsVisible = 0;
			defaultConfigurationName = Release;
		};
		35FF5969257D732B0054A396 /* Build configuration list for PBXNativeTarget "BigHM" */ = {
			isa = XCConfigurationList;
			buildConfigurations = (
				35FF596A257D732B0054A396 /* Debug */,
				35FF596B257D732B0054A396 /* Release */,
			);
			defaultConfigurationIsVisible = 0;
			defaultConfigurationName = Release;
		};
/* End XCConfigurationList section */
	};
	rootObject = 35FF594D257D73290054A396 /* Project object */;
}
